{
	"name": "@springernature/springer-dropdown",
	"version": "1.2.2",
	"lockfileVersion": 1,
	"requires": true,
	"dependencies": {
		"@springernature/global-context": {
			"version": "2.3.0",
			"resolved": "https://registry.npmjs.org/@springernature/global-context/-/global-context-2.3.0.tgz",
			"integrity": "sha512-v3oM4E17aHmSsiVMLplJnlOMVRLKKEA0JKhf0BxgIAPdG8fNFQCwFHItMf+TvpKsyfCPUBHpD74yXiK6ZepnUg=="
		}
	}
}
